Microsoft Visual Studio Solution File, Format Version 11.00
# Visual Studio 2008

Project("{79E70EDD-12DA-161B-08A6-1FB606DA1BE2}") = "ActiveRide", "Assembly-CSharp-firstpass.csproj", "{62082F2C-ED94-4D15-99E2-E73E85458F8C}"
EndProject
Project("{79E70EDD-12DA-161B-08A6-1FB606DA1BE2}") = "ActiveRide", "Assembly-CSharp.csproj", "{EB3DBA67-2BE1-649B-B54D-DE7A0BC88D5B}"
EndProject
Project("{79E70EDD-12DA-161B-08A6-1FB606DA1BE2}") = "ActiveRide", "Assembly-CSharp-Editor.csproj", "{67E9619E-7EE4-0556-5AF5-669BE5C17049}"
EndProject
Global
	GlobalSection(SolutionConfigurationPlatforms) = preSolution
		Debug|Any CPU = Debug|Any CPU
		Release|Any CPU = Release|Any CPU
	EndGlobalSection
	GlobalSection(ProjectConfigurationPlatforms) = postSolution
		{62082F2C-ED94-4D15-99E2-E73E85458F8C}.Debug|Any CPU.ActiveCfg = Debug|Any CPU
		{62082F2C-ED94-4D15-99E2-E73E85458F8C}.Debug|Any CPU.Build.0 = Debug|Any CPU
		{62082F2C-ED94-4D15-99E2-E73E85458F8C}.Release|Any CPU.ActiveCfg = Release|Any CPU
		{62082F2C-ED94-4D15-99E2-E73E85458F8C}.Release|Any CPU.Build.0 = Release|Any CPU
		{EB3DBA67-2BE1-649B-B54D-DE7A0BC88D5B}.Debug|Any CPU.ActiveCfg = Debug|Any CPU
		{EB3DBA67-2BE1-649B-B54D-DE7A0BC88D5B}.Debug|Any CPU.Build.0 = Debug|Any CPU
		{EB3DBA67-2BE1-649B-B54D-DE7A0BC88D5B}.Release|Any CPU.ActiveCfg = Release|Any CPU
		{EB3DBA67-2BE1-649B-B54D-DE7A0BC88D5B}.Release|Any CPU.Build.0 = Release|Any CPU
		{67E9619E-7EE4-0556-5AF5-669BE5C17049}.Debug|Any CPU.ActiveCfg = Debug|Any CPU
		{67E9619E-7EE4-0556-5AF5-669BE5C17049}.Debug|Any CPU.Build.0 = Debug|Any CPU
		{67E9619E-7EE4-0556-5AF5-669BE5C17049}.Release|Any CPU.ActiveCfg = Release|Any CPU
		{67E9619E-7EE4-0556-5AF5-669BE5C17049}.Release|Any CPU.Build.0 = Release|Any CPU
	EndGlobalSection
	GlobalSection(SolutionProperties) = preSolution
		HideSolutionNode = FALSE
	EndGlobalSection
	GlobalSection(MonoDevelopProperties) = preSolution
		StartupItem = Assembly-CSharp.csproj
	EndGlobalSection
EndGlobal
